
Microsoft Visual Studio Solution File, Format Version 12.00
# Visual Studio Version 17
VisualStudioVersion = 17.7.34031.279
MinimumVisualStudioVersion = 10.0.40219.1
Project("{8BC9CEB8-8B4A-11D0-8D11-00A0C91BC942}") = "PR20_it", "PR20_it\PR20_it.vcxproj", "{E7B9DCDC-36F8-4231-B723-A72B1D4666F8}"
EndProject
Project("{8BC9CEB8-8B4A-11D0-8D11-00A0C91BC942}") = "UnitTest1", "UnitTest1\UnitTest1.vcxproj", "{55357341-129D-4AE7-9623-E949BF085B1F}"
EndProject
Global
	GlobalSection(SolutionConfigurationPlatforms) = preSolution
		Debug|x64 = Debug|x64
		Debug|x86 = Debug|x86
		Release|x64 = Release|x64
		Release|x86 = Release|x86
	EndGlobalSection
	GlobalSection(ProjectConfigurationPlatforms) = postSolution
		{E7B9DCDC-36F8-4231-B723-A72B1D4666F8}.Debug|x64.ActiveCfg = Debug|x64
		{E7B9DCDC-36F8-4231-B723-A72B1D4666F8}.Debug|x64.Build.0 = Debug|x64
		{E7B9DCDC-36F8-4231-B723-A72B1D4666F8}.Debug|x86.ActiveCfg = Debug|Win32
		{E7B9DCDC-36F8-4231-B723-A72B1D4666F8}.Debug|x86.Build.0 = Debug|Win32
		{E7B9DCDC-36F8-4231-B723-A72B1D4666F8}.Release|x64.ActiveCfg = Release|x64
		{E7B9DCDC-36F8-4231-B723-A72B1D4666F8}.Release|x64.Build.0 = Release|x64
		{E7B9DCDC-36F8-4231-B723-A72B1D4666F8}.Release|x86.ActiveCfg = Release|Win32
		{E7B9DCDC-36F8-4231-B723-A72B1D4666F8}.Release|x86.Build.0 = Release|Win32
		{55357341-129D-4AE7-9623-E949BF085B1F}.Debug|x64.ActiveCfg = Debug|x64
		{55357341-129D-4AE7-9623-E949BF085B1F}.Debug|x64.Build.0 = Debug|x64
		{55357341-129D-4AE7-9623-E949BF085B1F}.Debug|x86.ActiveCfg = Debug|Win32
		{55357341-129D-4AE7-9623-E949BF085B1F}.Debug|x86.Build.0 = Debug|Win32
		{55357341-129D-4AE7-9623-E949BF085B1F}.Release|x64.ActiveCfg = Release|x64
		{55357341-129D-4AE7-9623-E949BF085B1F}.Release|x64.Build.0 = Release|x64
		{55357341-129D-4AE7-9623-E949BF085B1F}.Release|x86.ActiveCfg = Release|Win32
		{55357341-129D-4AE7-9623-E949BF085B1F}.Release|x86.Build.0 = Release|Win32
	EndGlobalSection
	GlobalSection(SolutionProperties) = preSolution
		HideSolutionNode = FALSE
	EndGlobalSection
	GlobalSection(ExtensibilityGlobals) = postSolution
		SolutionGuid = {7B547593-D6C0-40C4-ADF4-6003FD9E5778}
	EndGlobalSection
EndGlobal
